
Microsoft Visual Studio Solution File, Format Version 12.00
# Visual Studio Version 16
VisualStudioVersion = 16.0.30021.99
MinimumVisualStudioVersion = 10.0.40219.1
Project("{9A19103F-16F7-4668-BE54-9A1E7A4F7556}") = "SplashUp", "SplashUp\SplashUp.csproj", "{E4FC3059-EAB5-44CA-9333-AF0CCEE2D8D1}"
EndProject
Global
	GlobalSection(SolutionConfigurationPlatforms) = preSolution
		Debug|Any CPU = Debug|Any CPU
		Release|Any CPU = Release|Any CPU
	EndGlobalSection
	GlobalSection(ProjectConfigurationPlatforms) = postSolution
		{E4FC3059-EAB5-44CA-9333-AF0CCEE2D8D1}.Debug|Any CPU.ActiveCfg = Debug|Any CPU
		{E4FC3059-EAB5-44CA-9333-AF0CCEE2D8D1}.Debug|Any CPU.Build.0 = Debug|Any CPU
		{E4FC3059-EAB5-44CA-9333-AF0CCEE2D8D1}.Release|Any CPU.ActiveCfg = Release|Any CPU
		{E4FC3059-EAB5-44CA-9333-AF0CCEE2D8D1}.Release|Any CPU.Build.0 = Release|Any CPU
	EndGlobalSection
	GlobalSection(SolutionProperties) = preSolution
		HideSolutionNode = FALSE
	EndGlobalSection
	GlobalSection(ExtensibilityGlobals) = postSolution
		SolutionGuid = {CBFC8F3D-3B7F-4D95-98EC-3C6CBE7CC8B5}
	EndGlobalSection
EndGlobal
